// !$*UTF8*$!
{
	archiveVersion = 1;
	classes = {
	};
	objectVersion = 46;
	objects = {

/* Begin PBXBuildFile section */
		043ADD6419F6D72800370F8B /* Foundation.framework in Frameworks */ = {isa = PBXBuildFile; fileRef = 043ADD6319F6D72800370F8B /* Foundation.framework */; };
		043ADD6619F6D72800370F8B /* CoreGraphics.framework in Frameworks */ = {isa = PBXBuildFile; fileRef = 043ADD6519F6D72800370F8B /* CoreGraphics.framework */; };
		043ADD6819F6D72800370F8B /* UIKit.framework in Frameworks */ = {isa = PBXBuildFile; fileRef = 043ADD6719F6D72800370F8B /* UIKit.framework */; };
		043ADD6A19F6D72800370F8B /* CoreData.framework in Frameworks */ = {isa = PBXBuildFile; fileRef = 043ADD6919F6D72800370F8B /* CoreData.framework */; };
		043ADD7019F6D72800370F8B /* InfoPlist.strings in Resources */ = {isa = PBXBuildFile; fileRef = 043ADD6E19F6D72800370F8B /* InfoPlist.strings */; };
		043ADD7219F6D72800370F8B /* main.m in Sources */ = {isa = PBXBuildFile; fileRef = 043ADD7119F6D72800370F8B /* main.m */; };
		043ADD7619F6D72800370F8B /* AppDelegate.m in Sources */ = {isa = PBXBuildFile; fileRef = 043ADD7519F6D72800370F8B /* AppDelegate.m */; };
		043ADD7919F6D72800370F8B /* HeatCold.xcdatamodeld in Sources */ = {isa = PBXBuildFile; fileRef = 043ADD7719F6D72800370F8B /* HeatCold.xcdatamodeld */; };
		043ADD7B19F6D72800370F8B /* Images.xcassets in Resources */ = {isa = PBXBuildFile; fileRef = 043ADD7A19F6D72800370F8B /* Images.xcassets */; };
		043ADD8219F6D72800370F8B /* XCTest.framework in Frameworks */ = {isa = PBXBuildFile; fileRef = 043ADD8119F6D72800370F8B /* XCTest.framework */; };
		043ADD8319F6D72800370F8B /* Foundation.framework in Frameworks */ = {isa = PBXBuildFile; fileRef = 043ADD6319F6D72800370F8B /* Foundation.framework */; };
		043ADD8419F6D72800370F8B /* UIKit.framework in Frameworks */ = {isa = PBXBuildFile; fileRef = 043ADD6719F6D72800370F8B /* UIKit.framework */; };
		043ADD8519F6D72800370F8B /* CoreData.framework in Frameworks */ = {isa = PBXBuildFile; fileRef = 043ADD6919F6D72800370F8B /* CoreData.framework */; };
		043ADD8D19F6D72800370F8B /* InfoPlist.strings in Resources */ = {isa = PBXBuildFile; fileRef = 043ADD8B19F6D72800370F8B /* InfoPlist.strings */; };
		043ADD8F19F6D72800370F8B /* HeatColdTests.m in Sources */ = {isa = PBXBuildFile; fileRef = 043ADD8E19F6D72800370F8B /* HeatColdTests.m */; };
/* End PBXBuildFile section */

/* Begin PBXContainerItemProxy section */
		043ADD8619F6D72800370F8B /* PBXContainerItemProxy */ = {
			isa = PBXContainerItemProxy;
			containerPortal = 043ADD5819F6D72800370F8B /* Project object */;
			proxyType = 1;
			remoteGlobalIDString = 043ADD5F19F6D72800370F8B;
			remoteInfo = HeatCold;
		};
/* End PBXContainerItemProxy section */

/* Begin PBXFileReference section */
		043ADD6019F6D72800370F8B /* HeatCold.app */ = {isa = PBXFileReference; explicitFileType = wrapper.application; includeInIndex = 0; path = HeatCold.app; sourceTree = BUILT_PRODUCTS_DIR; };
		043ADD6319F6D72800370F8B /* Foundation.framework */ = {isa = PBXFileReference; lastKnownFileType = wrapper.framework; name = Foundation.framework; path = System/Library/Frameworks/Foundation.framework; sourceTree = SDKROOT; };
		043ADD6519F6D72800370F8B /* CoreGraphics.framework */ = {isa = PBXFileReference; lastKnownFileType = wrapper.framework; name = CoreGraphics.framework; path = System/Library/Frameworks/CoreGraphics.framework; sourceTree = SDKROOT; };
		043ADD6719F6D72800370F8B /* UIKit.framework */ = {isa = PBXFileReference; lastKnownFileType = wrapper.framework; name = UIKit.framework; path = System/Library/Frameworks/UIKit.framework; sourceTree = SDKROOT; };
		043ADD6919F6D72800370F8B /* CoreData.framework */ = {isa = PBXFileReference; lastKnownFileType = wrapper.framework; name = CoreData.framework; path = System/Library/Frameworks/CoreData.framework; sourceTree = SDKROOT; };
		043ADD6D19F6D72800370F8B /* HeatCold-Info.plist */ = {isa = PBXFileReference; lastKnownFileType = text.plist.xml; path = "HeatCold-Info.plist"; sourceTree = "<group>"; };
		043ADD6F19F6D72800370F8B /* en */ = {isa = PBXFileReference; lastKnownFileType = text.plist.strings; name = en; path = en.lproj/InfoPlist.strings; sourceTree = "<group>"; };
		043ADD7119F6D72800370F8B /* main.m */ = {isa = PBXFileReference; lastKnownFileType = sourcecode.c.objc; path = main.m; sourceTree = "<group>"; };
		043ADD7319F6D72800370F8B /* HeatCold-Prefix.pch */ = {isa = PBXFileReference; lastKnownFileType = sourcecode.c.h; path = "HeatCold-Prefix.pch"; sourceTree = "<group>"; };
		043ADD7419F6D72800370F8B /* AppDelegate.h */ = {isa = PBXFileReference; lastKnownFileType = sourcecode.c.h; path = AppDelegate.h; sourceTree = "<group>"; };
		043ADD7519F6D72800370F8B /* AppDelegate.m */ = {isa = PBXFileReference; lastKnownFileType = sourcecode.c.objc; path = AppDelegate.m; sourceTree = "<group>"; };
		043ADD7819F6D72800370F8B /* HeatCold.xcdatamodel */ = {isa = PBXFileReference; lastKnownFileType = wrapper.xcdatamodel; path = HeatCold.xcdatamodel; sourceTree = "<group>"; };
		043ADD7A19F6D72800370F8B /* Images.xcassets */ = {isa = PBXFileReference; lastKnownFileType = folder.assetcatalog; path = Images.xcassets; sourceTree = "<group>"; };
		043ADD8019F6D72800370F8B /* HeatColdTests.xctest */ = {isa = PBXFileReference; explicitFileType = wrapper.cfbundle; includeInIndex = 0; path = HeatColdTests.xctest; sourceTree = BUILT_PRODUCTS_DIR; };
		043ADD8119F6D72800370F8B /* XCTest.framework */ = {isa = PBXFileReference; lastKnownFileType = wrapper.framework; name = XCTest.framework; path = Library/Frameworks/XCTest.framework; sourceTree = DEVELOPER_DIR; };
		043ADD8A19F6D72800370F8B /* HeatColdTests-Info.plist */ = {isa = PBXFileReference; lastKnownFileType = text.plist.xml; path = "HeatColdTests-Info.plist"; sourceTree = "<group>"; };
		043ADD8C19F6D72800370F8B /* en */ = {isa = PBXFileReference; lastKnownFileType = text.plist.strings; name = en; path = en.lproj/InfoPlist.strings; sourceTree = "<group>"; };
		043ADD8E19F6D72800370F8B /* HeatColdTests.m */ = {isa = PBXFileReference; lastKnownFileType = sourcecode.c.objc; path = HeatColdTests.m; sourceTree = "<group>"; };
/* End PBXFileReference section */

/* Begin PBXFrameworksBuildPhase section */
		043ADD5D19F6D72800370F8B /* Frameworks */ = {
			isa = PBXFrameworksBuildPhase;
			buildActionMask = 2147483647;
			files = (
				043ADD6619F6D72800370F8B /* CoreGraphics.framework in Frameworks */,
				043ADD6A19F6D72800370F8B /* CoreData.framework in Frameworks */,
				043ADD6819F6D72800370F8B /* UIKit.framework in Frameworks */,
				043ADD6419F6D72800370F8B /* Foundation.framework in Frameworks */,
			);
			runOnlyForDeploymentPostprocessing = 0;
		};
		043ADD7D19F6D72800370F8B /* Frameworks */ = {
			isa = PBXFrameworksBuildPhase;
			buildActionMask = 2147483647;
			files = (
				043ADD8219F6D72800370F8B /* XCTest.framework in Frameworks */,
				043ADD8519F6D72800370F8B /* CoreData.framework in Frameworks */,
				043ADD8419F6D72800370F8B /* UIKit.framework in Frameworks */,
				043ADD8319F6D72800370F8B /* Foundation.framework in Frameworks */,
			);
			runOnlyForDeploymentPostprocessing = 0;
		};
/* End PBXFrameworksBuildPhase section */

/* Begin PBXGroup section */
		043ADD5719F6D72800370F8B = {
			isa = PBXGroup;
			children = (
				043ADD6B19F6D72800370F8B /* HeatCold */,
				043ADD8819F6D72800370F8B /* HeatColdTests */,
				043ADD6219F6D72800370F8B /* Frameworks */,
				043ADD6119F6D72800370F8B /* Products */,
			);
			sourceTree = "<group>";
		};
		043ADD6119F6D72800370F8B /* Products */ = {
			isa = PBXGroup;
			children = (
				043ADD6019F6D72800370F8B /* HeatCold.app */,
				043ADD8019F6D72800370F8B /* HeatColdTests.xctest */,
			);
			name = Products;
			sourceTree = "<group>";
		};
		043ADD6219F6D72800370F8B /* Frameworks */ = {
			isa = PBXGroup;
			children = (
				043ADD6319F6D72800370F8B /* Foundation.framework */,
				043ADD6519F6D72800370F8B /* CoreGraphics.framework */,
				043ADD6719F6D72800370F8B /* UIKit.framework */,
				043ADD6919F6D72800370F8B /* CoreData.framework */,
				043ADD8119F6D72800370F8B /* XCTest.framework */,
			);
			name = Frameworks;
			sourceTree = "<group>";
		};
		043ADD6B19F6D72800370F8B /* HeatCold */ = {
			isa = PBXGroup;
			children = (
				043ADD7419F6D72800370F8B /* AppDelegate.h */,
				043ADD7519F6D72800370F8B /* AppDelegate.m */,
				043ADD7A19F6D72800370F8B /* Images.xcassets */,
				043ADD7719F6D72800370F8B /* HeatCold.xcdatamodeld */,
				043ADD6C19F6D72800370F8B /* Supporting Files */,
			);
			path = HeatCold;
			sourceTree = "<group>";
		};
		043ADD6C19F6D72800370F8B /* Supporting Files */ = {
			isa = PBXGroup;
			children = (
				043ADD6D19F6D72800370F8B /* HeatCold-Info.plist */,
				043ADD6E19F6D72800370F8B /* InfoPlist.strings */,
				043ADD7119F6D72800370F8B /* main.m */,
				043ADD7319F6D72800370F8B /* HeatCold-Prefix.pch */,
			);
			name = "Supporting Files";
			sourceTree = "<group>";
		};
		043ADD8819F6D72800370F8B /* HeatColdTests */ = {
			isa = PBXGroup;
			children = (
				043ADD8E19F6D72800370F8B /* HeatColdTests.m */,
				043ADD8919F6D72800370F8B /* Supporting Files */,
			);
			path = HeatColdTests;
			sourceTree = "<group>";
		};
		043ADD8919F6D72800370F8B /* Supporting Files */ = {
			isa = PBXGroup;
			children = (
				043ADD8A19F6D72800370F8B /* HeatColdTests-Info.plist */,
				043ADD8B19F6D72800370F8B /* InfoPlist.strings */,
			);
			name = "Supporting Files";
			sourceTree = "<group>";
		};
/* End PBXGroup section */

/* Begin PBXNativeTarget section */
		043ADD5F19F6D72800370F8B /* HeatCold */ = {
			isa = PBXNativeTarget;
			buildConfigurationList = 043ADD9219F6D72800370F8B /* Build configuration list for PBXNativeTarget "HeatCold" */;
			buildPhases = (
				043ADD5C19F6D72800370F8B /* Sources */,
				043ADD5D19F6D72800370F8B /* Frameworks */,
				043ADD5E19F6D72800370F8B /* Resources */,
			);
			buildRules = (
			);
			dependencies = (
			);
			name = HeatCold;
			productName = HeatCold;
			productReference = 043ADD6019F6D72800370F8B /* HeatCold.app */;
			productType = "com.apple.product-type.application";
		};
		043ADD7F19F6D72800370F8B /* HeatColdTests */ = {
			isa = PBXNativeTarget;
			buildConfigurationList = 043ADD9519F6D72800370F8B /* Build configuration list for PBXNativeTarget "HeatColdTests" */;
			buildPhases = (
				043ADD7C19F6D72800370F8B /* Sources */,
				043ADD7D19F6D72800370F8B /* Frameworks */,
				043ADD7E19F6D72800370F8B /* Resources */,
			);
			buildRules = (
			);
			dependencies = (
				043ADD8719F6D72800370F8B /* PBXTargetDependency */,
			);
			name = HeatColdTests;
			productName = HeatColdTests;
			productReference = 043ADD8019F6D72800370F8B /* HeatColdTests.xctest */;
			productType = "com.apple.product-type.bundle.unit-test";
		};
/* End PBXNativeTarget section */

/* Begin PBXProject section */
		043ADD5819F6D72800370F8B /* Project object */ = {
			isa = PBXProject;
			attributes = {
				LastUpgradeCheck = 0510;
				ORGANIZATIONNAME = "rohan mahajan";
				TargetAttributes = {
					043ADD7F19F6D72800370F8B = {
						TestTargetID = 043ADD5F19F6D72800370F8B;
					};
				};
			};
			buildConfigurationList = 043ADD5B19F6D72800370F8B /* Build configuration list for PBXProject "HeatCold" */;
			compatibilityVersion = "Xcode 3.2";
			developmentRegion = English;
			hasScannedForEncodings = 0;
			knownRegions = (
				en,
			);
			mainGroup = 043ADD5719F6D72800370F8B;
			productRefGroup = 043ADD6119F6D72800370F8B /* Products */;
			projectDirPath = "";
			projectRoot = "";
			targets = (
				043ADD5F19F6D72800370F8B /* HeatCold */,
				043ADD7F19F6D72800370F8B /* HeatColdTests */,
			);
		};
/* End PBXProject section */

/* Begin PBXResourcesBuildPhase section */
		043ADD5E19F6D72800370F8B /* Resources */ = {
			isa = PBXResourcesBuildPhase;
			buildActionMask = 2147483647;
			files = (
				043ADD7019F6D72800370F8B /* InfoPlist.strings in Resources */,
				043ADD7B19F6D72800370F8B /* Images.xcassets in Resources */,
			);
			runOnlyForDeploymentPostprocessing = 0;
		};
		043ADD7E19F6D72800370F8B /* Resources */ = {
			isa = PBXResourcesBuildPhase;
			buildActionMask = 2147483647;
			files = (
				043ADD8D19F6D72800370F8B /* InfoPlist.strings in Resources */,
			);
			runOnlyForDeploymentPostprocessing = 0;
		};
/* End PBXResourcesBuildPhase section */

/* Begin PBXSourcesBuildPhase section */
		043ADD5C19F6D72800370F8B /* Sources */ = {
			isa = PBXSourcesBuildPhase;
			buildActionMask = 2147483647;
			files = (
				043ADD7619F6D72800370F8B /* AppDelegate.m in Sources */,
				043ADD7219F6D72800370F8B /* main.m in Sources */,
				043ADD7919F6D72800370F8B /* HeatCold.xcdatamodeld in Sources */,
			);
			runOnlyForDeploymentPostprocessing = 0;
		};
		043ADD7C19F6D72800370F8B /* Sources */ = {
			isa = PBXSourcesBuildPhase;
			buildActionMask = 2147483647;
			files = (
				043ADD8F19F6D72800370F8B /* HeatColdTests.m in Sources */,
			);
			runOnlyForDeploymentPostprocessing = 0;
		};
/* End PBXSourcesBuildPhase section */

/* Begin PBXTargetDependency section */
		043ADD8719F6D72800370F8B /* PBXTargetDependency */ = {
			isa = PBXTargetDependency;
			target = 043ADD5F19F6D72800370F8B /* HeatCold */;
			targetProxy = 043ADD8619F6D72800370F8B /* PBXContainerItemProxy */;
		};
/* End PBXTargetDependency section */

/* Begin PBXVariantGroup section */
		043ADD6E19F6D72800370F8B /* InfoPlist.strings */ = {
			isa = PBXVariantGroup;
			children = (
				043ADD6F19F6D72800370F8B /* en */,
			);
			name = InfoPlist.strings;
			sourceTree = "<group>";
		};
		043ADD8B19F6D72800370F8B /* InfoPlist.strings */ = {
			isa = PBXVariantGroup;
			children = (
				043ADD8C19F6D72800370F8B /* en */,
			);
			name = InfoPlist.strings;
			sourceTree = "<group>";
		};
/* End PBXVariantGroup section */

/* Begin XCBuildConfiguration section */
		043ADD9019F6D72800370F8B /* Debug */ = {
			isa = XCBuildConfiguration;
			buildSettings = {
				ALWAYS_SEARCH_USER_PATHS = NO;
				CLANG_CXX_LANGUAGE_STANDARD = "gnu++0x";
				CLANG_CXX_LIBRARY = "libc++";
				CLANG_ENABLE_MODULES = YES;
				CLANG_ENABLE_OBJC_ARC = YES;
				CLANG_WARN_BOOL_CONVERSION = YES;
				CLANG_WARN_CONSTANT_CONVERSION = YES;
				CLANG_WARN_DIRECT_OBJC_ISA_USAGE = YES_ERROR;
				CLANG_WARN_EMPTY_BODY = YES;
				CLANG_WARN_ENUM_CONVERSION = YES;
				CLANG_WARN_INT_CONVERSION = YES;
				CLANG_WARN_OBJC_ROOT_CLASS = YES_ERROR;
				CLANG_WARN__DUPLICATE_METHOD_MATCH = YES;
				"CODE_SIGN_IDENTITY[sdk=iphoneos*]" = "iPhone Developer";
				COPY_PHASE_STRIP = NO;
				GCC_C_LANGUAGE_STANDARD = gnu99;
				GCC_DYNAMIC_NO_PIC = NO;
				GCC_OPTIMIZATION_LEVEL = 0;
				GCC_PREPROCESSOR_DEFINITIONS = (
					"DEBUG=1",
					"$(inherited)",
				);
				GCC_SYMBOLS_PRIVATE_EXTERN = NO;
				GCC_WARN_64_TO_32_BIT_CONVERSION = YES;
				GCC_WARN_ABOUT_RETURN_TYPE = YES_ERROR;
				GCC_WARN_UNDECLARED_SELECTOR = YES;
				GCC_WARN_UNINITIALIZED_AUTOS = YES_AGGRESSIVE;
				GCC_WARN_UNUSED_FUNCTION = YES;
				GCC_WARN_UNUSED_VARIABLE = YES;
				IPHONEOS_DEPLOYMENT_TARGET = 7.1;
				ONLY_ACTIVE_ARCH = YES;
				SDKROOT = iphoneos;
			};
			name = Debug;
		};
		043ADD9119F6D72800370F8B /* Release */ = {
			isa = XCBuildConfiguration;
			buildSettings = {
				ALWAYS_SEARCH_USER_PATHS = NO;
				CLANG_CXX_LANGUAGE_STANDARD = "gnu++0x";
				CLANG_CXX_LIBRARY = "libc++";
				CLANG_ENABLE_MODULES = YES;
				CLANG_ENABLE_OBJC_ARC = YES;
				CLANG_WARN_BOOL_CONVERSION = YES;
				CLANG_WARN_CONSTANT_CONVERSION = YES;
				CLANG_WARN_DIRECT_OBJC_ISA_USAGE = YES_ERROR;
				CLANG_WARN_EMPTY_BODY = YES;
				CLANG_WARN_ENUM_CONVERSION = YES;
				CLANG_WARN_INT_CONVERSION = YES;
				CLANG_WARN_OBJC_ROOT_CLASS = YES_ERROR;
				CLANG_WARN__DUPLICATE_METHOD_MATCH = YES;
				"CODE_SIGN_IDENTITY[sdk=iphoneos*]" = "iPhone Developer";
				COPY_PHASE_STRIP = YES;
				ENABLE_NS_ASSERTIONS = NO;
				GCC_C_LANGUAGE_STANDARD = gnu99;
				GCC_WARN_64_TO_32_BIT_CONVERSION = YES;
				GCC_WARN_ABOUT_RETURN_TYPE = YES_ERROR;
				GCC_WARN_UNDECLARED_SELECTOR = YES;
				GCC_WARN_UNINITIALIZED_AUTOS = YES_AGGRESSIVE;
				GCC_WARN_UNUSED_FUNCTION = YES;
				GCC_WARN_UNUSED_VARIABLE = YES;
				IPHONEOS_DEPLOYMENT_TARGET = 7.1;
				SDKROOT = iphoneos;
				VALIDATE_PRODUCT = YES;
			};
			name = Release;
		};
		043ADD9319F6D72800370F8B /* Debug */ = {
			isa = XCBuildConfiguration;
			buildSettings = {
				ASSETCATALOG_COMPILER_APPICON_NAME = AppIcon;
				ASSETCATALOG_COMPILER_LAUNCHIMAGE_NAME = LaunchImage;
				GCC_PRECOMPILE_PREFIX_HEADER = YES;
				GCC_PREFIX_HEADER = "HeatCold/HeatCold-Prefix.pch";
				INFOPLIST_FILE = "HeatCold/HeatCold-Info.plist";
				PRODUCT_NAME = "$(TARGET_NAME)";
				WRAPPER_EXTENSION = app;
			};
			name = Debug;
		};
		043ADD9419F6D72800370F8B /* Release */ = {
			isa = XCBuildConfiguration;
			buildSettings = {
				ASSETCATALOG_COMPILER_APPICON_NAME = AppIcon;
				ASSETCATALOG_COMPILER_LAUNCHIMAGE_NAME = LaunchImage;
				GCC_PRECOMPILE_PREFIX_HEADER = YES;
				GCC_PREFIX_HEADER = "HeatCold/HeatCold-Prefix.pch";
				INFOPLIST_FILE = "HeatCold/HeatCold-Info.plist";
				PRODUCT_NAME = "$(TARGET_NAME)";
				WRAPPER_EXTENSION = app;
			};
			name = Release;
		};
		043ADD9619F6D72800370F8B /* Debug */ = {
			isa = XCBuildConfiguration;
			buildSettings = {
				BUNDLE_LOADER = "$(BUILT_PRODUCTS_DIR)/HeatCold.app/HeatCold";
				FRAMEWORK_SEARCH_PATHS = (
					"$(SDKROOT)/Developer/Library/Frameworks",
					"$(inherited)",
					"$(DEVELOPER_FRAMEWORKS_DIR)",
				);
				GCC_PRECOMPILE_PREFIX_HEADER = YES;
				GCC_PREFIX_HEADER = "HeatCold/HeatCold-Prefix.pch";
				GCC_PREPROCESSOR_DEFINITIONS = (
					"DEBUG=1",
					"$(inherited)",
				);
				INFOPLIST_FILE = "HeatColdTests/HeatColdTests-Info.plist";
				PRODUCT_NAME = "$(TARGET_NAME)";
				TEST_HOST = "$(BUNDLE_LOADER)";
				WRAPPER_EXTENSION = xctest;
			};
			name = Debug;
		};
		043ADD9719F6D72800370F8B /* Release */ = {
			isa = XCBuildConfiguration;
			buildSettings = {
				BUNDLE_LOADER = "$(BUILT_PRODUCTS_DIR)/HeatCold.app/HeatCold";
				FRAMEWORK_SEARCH_PATHS = (
					"$(SDKROOT)/Developer/Library/Frameworks",
					"$(inherited)",
					"$(DEVELOPER_FRAMEWORKS_DIR)",
				);
				GCC_PRECOMPILE_PREFIX_HEADER = YES;
				GCC_PREFIX_HEADER = "HeatCold/HeatCold-Prefix.pch";
				INFOPLIST_FILE = "HeatColdTests/HeatColdTests-Info.plist";
				PRODUCT_NAME = "$(TARGET_NAME)";
				TEST_HOST = "$(BUNDLE_LOADER)";
				WRAPPER_EXTENSION = xctest;
			};
			name = Release;
		};
/* End XCBuildConfiguration section */

/* Begin XCConfigurationList section */
		043ADD5B19F6D72800370F8B /* Build configuration list for PBXProject "HeatCold" */ = {
			isa = XCConfigurationList;
			buildConfigurations = (
				043ADD9019F6D72800370F8B /* Debug */,
				043ADD9119F6D72800370F8B /* Release */,
			);
			defaultConfigurationIsVisible = 0;
			defaultConfigurationName = Release;
		};
		043ADD9219F6D72800370F8B /* Build configuration list for PBXNativeTarget "HeatCold" */ = {
			isa = XCConfigurationList;
			buildConfigurations = (
				043ADD9319F6D72800370F8B /* Debug */,
				043ADD9419F6D72800370F8B /* Release */,
			);
			defaultConfigurationIsVisible = 0;
		};
		043ADD9519F6D72800370F8B /* Build configuration list for PBXNativeTarget "HeatColdTests" */ = {
			isa = XCConfigurationList;
			buildConfigurations = (
				043ADD9619F6D72800370F8B /* Debug */,
				043ADD9719F6D72800370F8B /* Release */,
			);
			defaultConfigurationIsVisible = 0;
		};
/* End XCConfigurationList section */

/* Begin XCVersionGroup section */
		043ADD7719F6D72800370F8B /* HeatCold.xcdatamodeld */ = {
			isa = XCVersionGroup;
			children = (
				043ADD7819F6D72800370F8B /* HeatCold.xcdatamodel */,
			);
			currentVersion = 043ADD7819F6D72800370F8B /* HeatCold.xcdatamodel */;
			path = HeatCold.xcdatamodeld;
			sourceTree = "<group>";
			versionGroupType = wrapper.xcdatamodel;
		};
/* End XCVersionGroup section */
	};
	rootObject = 043ADD5819F6D72800370F8B /* Project object */;
}
